lockfileVersion: 5.4

specifiers:
  '@discordjs/builders': ^0.15.0
  '@discordjs/collection': ^0.7.0
  '@discordjs/rest': ^0.5.0
  '@discordjs/voice': 0.10.0
  axios: ^0.27.2
  debug: ^4.3.4
  discord-api-types: ^0.33.0
  discord.js: ^13.7.0
  dotenv: ^16.0.1
  ffmpeg-static: 4.4.1
  libsodium-wrappers: ^0.7.10
  mariadb: ^3.0.0
  node-emoji: ^1.11.0
  prettier: 2.6.2
  twemoji-parser: ^14.0.0

dependencies:
  '@discordjs/builders': 0.15.0
  '@discordjs/collection': 0.7.0
  '@discordjs/rest': 0.5.0
  '@discordjs/voice': 0.10.0_ffmpeg-static@4.4.1
  axios: 0.27.2_debug@4.3.4
  debug: 4.3.4
  discord-api-types: 0.33.0
  discord.js: 13.7.0
  dotenv: 16.0.1
  ffmpeg-static: 4.4.1
  libsodium-wrappers: 0.7.10
  mariadb: 3.0.0
  node-emoji: 1.11.0
  twemoji-parser: 14.0.0

devDependencies:
  prettier: 2.6.2

packages:

  /@alloc/quick-lru/5.2.0:
    resolution: {integrity: sha512-UrcABB+4bUrFABwbluTIBErXwvbsU/V7TZWfmbgJfbkwiBuziS9gxdODUyuiecfdGQ85jglMW6juS3+z5TsKLw==}
    engines: {node: '>=10'}
    dev: false

  /@derhuerst/http-basic/8.2.2:
    resolution: {integrity: sha512-ek065nW95mleLHo8vZ+ob7QTQPNOwDEjCe27BX2flme/UTu9z2mD1uRRPko38u7al4tTZADMtozpll8PQHAZgg==}
    engines: {node: '>=6.0.0'}
    dependencies:
      caseless: 0.12.0
      concat-stream: 1.6.2
      http-response-object: 3.0.2
      parse-cache-control: 1.0.1
    dev: false

  /@discordjs/builders/0.13.0:
    resolution: {integrity: sha512-4L9y26KRNNU8Y7J78SRUN1Uhava9D8jfit/YqEaKi8gQRc7PdqKqk2poybo6RXaiyt/BgKYPfcjxT7WvzGfYCA==}
    engines: {node: '>=16.9.0'}
    dependencies:
      '@sapphire/shapeshift': 2.2.0
      '@sindresorhus/is': 4.6.0
      discord-api-types: 0.31.2
      fast-deep-equal: 3.1.3
      ts-mixer: 6.0.1
      tslib: 2.4.0
    dev: false

  /@discordjs/builders/0.15.0:
    resolution: {integrity: sha512-w1UfCPzx2iKycn6qh/f0c+PcDpcTHzHr7TXALXu/a4gKHGamiSg3lP8GhYswweSJk/Q5cbFLHZUsnoY3MVKNAg==}
    engines: {node: '>=16.9.0'}
    dependencies:
      '@sapphire/shapeshift': 3.1.0
      '@sindresorhus/is': 4.6.0
      discord-api-types: 0.33.3
      fast-deep-equal: 3.1.3
      ts-mixer: 6.0.1
      tslib: 2.4.0
    dev: false

  /@discordjs/collection/0.6.0:
    resolution: {integrity: sha512-Ieaetb36l0nmAS5X9Upqk4W7euAO6FdXPxn3I8vBAKEcoIzEZI1mcVcPfCfagGJZSgBKpENnAnKkP4GAn+MV8w==}
    engines: {node: '>=16.9.0'}
    dev: false

  /@discordjs/collection/0.7.0:
    resolution: {integrity: sha512-R5i8Wb8kIcBAFEPLLf7LVBQKBDYUL+ekb23sOgpkpyGT+V4P7V83wTxcsqmX+PbqHt4cEHn053uMWfRqh/Z/nA==}
    engines: {node: '>=16.9.0'}
    dev: false

  /@discordjs/rest/0.5.0:
    resolution: {integrity: sha512-S4E1YNz1UxgUfMPpMeqzPPkCfXE877zOsvKM5WEmwIhcpz1PQV7lzqlEOuz194UuwOJLLjQFBgQELnQfCX9UfA==}
    engines: {node: '>=16.9.0'}
    dependencies:
      '@discordjs/collection': 0.7.0
      '@sapphire/async-queue': 1.3.1
      '@sapphire/snowflake': 3.2.2
      discord-api-types: 0.33.3
      tslib: 2.4.0
      undici: 5.4.0
    dev: false

  /@discordjs/voice/0.10.0_ffmpeg-static@4.4.1:
    resolution: {integrity: sha512-tChDKRRbKwWHcyq1dSEzrnuCMJyLtKXcFhgQpqcS2YjZ1TLlXboc/mhrR8jA1Yb1rB81u8dgj/lPkkHsk0ItEg==}
    engines: {node: '>=16.9.0'}
    dependencies:
      '@types/ws': 8.5.3
      discord-api-types: 0.33.3
      prism-media: 1.3.2_ffmpeg-static@4.4.1
      tiny-typed-emitter: 2.1.0
      tslib: 2.4.0
      ws: 8.7.0
    transitivePeerDependencies:
      - '@discordjs/opus'
      - bufferutil
      - ffmpeg-static
      - node-opus
      - opusscript
      - utf-8-validate
    dev: false

  /@sapphire/async-queue/1.3.1:
    resolution: {integrity: sha512-FFTlPOWZX1kDj9xCAsRzH5xEJfawg1lNoYAA+ecOWJMHOfiZYb1uXOI3ne9U4UILSEPwfE68p3T9wUHwIQfR0g==}
    engines: {node: '>=v14.0.0', npm: '>=7.0.0'}
    dev: false

  /@sapphire/shapeshift/2.2.0:
    resolution: {integrity: sha512-UEnKgMlQyI0yY/q+lCMX0VJft9y86IsesgbIQj6e62FBYSaMVr+IaMNpi4z45Q14VnuMACbK0yrbHISNqgUYcQ==}
    engines: {node: '>=v15.0.0', npm: '>=7.0.0'}
    dev: false

  /@sapphire/shapeshift/3.1.0:
    resolution: {integrity: sha512-PkxFXd3QJ1qAPS05Dy2UkVGYPm/asF1Ugt2Xyzmv4DHzO3+G7l+873C4XFFcJ9M5Je+eCMC7SSifgPTSur5QuA==}
    engines: {node: '>=v15.0.0', npm: '>=7.0.0'}
    dev: false

  /@sapphire/snowflake/3.2.2:
    resolution: {integrity: sha512-ula2O0kpSZtX9rKXNeQMrHwNd7E4jPDJYUXmEGTFdMRfyfMw+FPyh04oKMjAiDuOi64bYgVkOV3MjK+loImFhQ==}
    engines: {node: '>=v14.0.0', npm: '>=7.0.0'}
    dev: false

  /@sindresorhus/is/4.6.0:
    resolution: {integrity: sha512-t09vSN3MdfsyCHoFcTRCH/iUtG7OJ0CsjzB8cjAmKc/va/kIgeDI/TxsigdncE/4be734m0cvIYwNaV4i2XqAw==}
    engines: {node: '>=10'}
    dev: false

  /@types/geojson/7946.0.8:
    resolution: {integrity: sha512-1rkryxURpr6aWP7R786/UQOkJ3PcpQiWkAXBmdWc7ryFWqN6a4xfK7BtjXvFBKO9LjQ+MWQSWxYeZX1OApnArA==}
    dev: false

  /@types/node-fetch/2.6.1:
    resolution: {integrity: sha512-oMqjURCaxoSIsHSr1E47QHzbmzNR5rK8McHuNb11BOM9cHcIK3Avy0s/b2JlXHoQGTYS3NsvWzV1M0iK7l0wbA==}
    dependencies:
      '@types/node': 17.0.33
      form-data: 3.0.1
    dev: false

  /@types/node/10.17.60:
    resolution: {integrity: sha512-F0KIgDJfy2nA3zMLmWGKxcH2ZVEtCZXHHdOQs2gSaQ27+lNeEfGxzkIw90aXswATX7AZ33tahPbzy6KAfUreVw==}
    dev: false

  /@types/node/17.0.33:
    resolution: {integrity: sha512-miWq2m2FiQZmaHfdZNcbpp9PuXg34W5JZ5CrJ/BaS70VuhoJENBEQybeiYSaPBRNq6KQGnjfEnc/F3PN++D+XQ==}
    dev: false

  /@types/ws/8.5.3:
    resolution: {integrity: sha512-6YOoWjruKj1uLf3INHH7D3qTXwFfEsg1kf3c0uDdSBJwfa/llkwIjrAGV7j7mVgGNbzTQ3HiHKKDXl6bJPD97w==}
    dependencies:
      '@types/node': 17.0.33
    dev: false

  /agent-base/6.0.2:
    resolution: {integrity: sha512-RZNwNclF7+MS/8bDg70amg32dyeZGZxiDuQmZxKLAlQjr3jGyLx+4Kkk58UO7D2QdgFIQCovuSuZESne6RG6XQ==}
    engines: {node: '>= 6.0.0'}
    dependencies:
      debug: 4.3.4
    transitivePeerDependencies:
      - supports-color
    dev: false

  /asynckit/0.4.0:
    resolution: {integrity: sha512-Oei9OH4tRh0YqU3GxhX79dM/mwVgvbZJaSNaRk+bshkj0S5cfHcgYakreBjrHwatXKbz+IoIdYLxrKim2MjW0Q==}
    dev: false

  /axios/0.27.2_debug@4.3.4:
    resolution: {integrity: sha512-t+yRIyySRTp/wua5xEr+z1q60QmLq8ABsS5O9Me1AsE5dfKqgnCFzwiCZZ/cGNd1lq4/7akDWMxdhVlucjmnOQ==}
    dependencies:
      follow-redirects: 1.15.0_debug@4.3.4
      form-data: 4.0.0
    transitivePeerDependencies:
      - debug
    dev: false

  /buffer-from/1.1.2:
    resolution: {integrity: sha512-E+XQCRwSbaaiChtv6k6Dwgc+bx+Bs6vuKJHHl5kox/BaKbhiXzqQOwK4cO22yElGp2OCmjwVhT3HmxgyPGnJfQ==}
    dev: false

  /caseless/0.12.0:
    resolution: {integrity: sha512-4tYFyifaFfGacoiObjJegolkwSU4xQNGbVgUiNYVUxbQ2x2lUsFvY4hVgVzGiIe6WLOPqycWXA40l+PWsxthUw==}
    dev: false

  /combined-stream/1.0.8:
    resolution: {integrity: sha512-FQN4MRfuJeHf7cBbBMJFXhKSDq+2kAArBlmRBvcvFE5BB1HZKXtSFASDhdlz9zOYwxh8lDdnvmMOe/+5cdoEdg==}
    engines: {node: '>= 0.8'}
    dependencies:
      delayed-stream: 1.0.0
    dev: false

  /concat-stream/1.6.2:
    resolution: {integrity: sha512-27HBghJxjiZtIk3Ycvn/4kbJk/1uZuJFfuPEns6LaEvpvG1f0hTea8lilrouyo9mVc2GWdcEZ8OLoGmSADlrCw==}
    engines: {'0': node >= 0.8}
    dependencies:
      buffer-from: 1.1.2
      inherits: 2.0.4
      readable-stream: 2.3.7
      typedarray: 0.0.6
    dev: false

  /core-util-is/1.0.3:
    resolution: {integrity: sha512-ZQBvi1DcpJ4GDqanjucZ2Hj3wEO5pZDS89BWbkcrvdxksJorwUDDZamX9ldFkp9aw2lmBDLgkObEA4DWNJ9FYQ==}
    dev: false

  /debug/4.3.4:
    resolution: {integrity: sha512-PRWFHuSU3eDtQJPvnNY7Jcket1j0t5OuOsFzPPzsekD52Zl8qUfFIPEiswXqIvHWGVHOgX+7G/vCNNhehwxfkQ==}
    engines: {node: '>=6.0'}
    peerDependencies:
      supports-color: '*'
    peerDependenciesMeta:
      supports-color:
        optional: true
    dependencies:
      ms: 2.1.2
    dev: false

  /delayed-stream/1.0.0:
    resolution: {integrity: sha1-3zrhmayt+31ECqrgsp4icrJOxhk=}
    engines: {node: '>=0.4.0'}
    dev: false

  /denque/2.0.1:
    resolution: {integrity: sha512-tfiWc6BQLXNLpNiR5iGd0Ocu3P3VpxfzFiqubLgMfhfOw9WyvgJBd46CClNn9k3qfbjvT//0cf7AlYRX/OslMQ==}
    engines: {node: '>=0.10'}
    dev: false

  /discord-api-types/0.30.0:
    resolution: {integrity: sha512-wYst0jrT8EJs2tVlwUTQ2xT0oWMjUrRMpFTkNY3NMleWyQNHgWaKhqFfxdLPdC2im9IuR5EsxcEgjhf/npeftw==}
    dev: false

  /discord-api-types/0.31.2:
    resolution: {integrity: sha512-gpzXTvFVg7AjKVVJFH0oJGC0q0tO34iJGSHZNz9u3aqLxlD6LfxEs9wWVVikJqn9gra940oUTaPFizCkRDcEiA==}
    dev: false

  /discord-api-types/0.33.0:
    resolution: {integrity: sha512-RS1dMM6xuMhdHwQJ0T+XuCD7v1tKnyZ89Eq6q/DbOJWMbIh3ihgAzDhcF70QsFCtk9a5Gn9XU29S7eoEXuwQ5w==}
    dev: false

  /discord-api-types/0.33.3:
    resolution: {integrity: sha512-P3A1RJXKEDmGPHrFTN5+gYLsBPGUVGj+D3+fa3m0K/umc+LMfqGuEad+p7cNq7ry/icReVhS3bz9jvBvne/BRA==}
    dev: false

  /discord.js/13.7.0:
    resolution: {integrity: sha512-iV/An3FEB/CiBGdjWHRtgskM4UuWPq5vjhjKsrQhdVU16dbKrBxA+eIV2HWA07B3tXUGM6eco1wkr42gxxV1BA==}
    engines: {node: '>=16.6.0', npm: '>=7.0.0'}
    dependencies:
      '@discordjs/builders': 0.13.0
      '@discordjs/collection': 0.6.0
      '@sapphire/async-queue': 1.3.1
      '@types/node-fetch': 2.6.1
      '@types/ws': 8.5.3
      discord-api-types: 0.30.0
      form-data: 4.0.0
      node-fetch: 2.6.7
      ws: 8.6.0
    transitivePeerDependencies:
      - bufferutil
      - encoding
      - utf-8-validate
    dev: false

  /dotenv/16.0.1:
    resolution: {integrity: sha512-1K6hR6wtk2FviQ4kEiSjFiH5rpzEVi8WW0x96aztHVMhEspNpc4DVOUTEHtEva5VThQ8IaBX1Pe4gSzpVVUsKQ==}
    engines: {node: '>=12'}
    dev: false

  /env-paths/2.2.1:
    resolution: {integrity: sha512-+h1lkLKhZMTYjog1VEpJNG7NZJWcuc2DDk/qsqSTRRCOXiLjeQ1d1/udrUGhqMxUgAlwKNZ0cf2uqan5GLuS2A==}
    engines: {node: '>=6'}
    dev: false

  /fast-deep-equal/3.1.3:
    resolution: {integrity: sha512-f3qQ9oQy9j2AhBe/H9VC91wLmKBCCU/gDOnKNAYG5hswO7BLKj09Hc5HYNz9cGI++xlpDCIgDaitVs03ATR84Q==}
    dev: false

  /ffmpeg-static/4.4.1:
    resolution: {integrity: sha512-gyGTIf5kgmLDmH7Rwj8vMmNK46bjXKKofHS2gY+LUqoTe/iybVuTuvnhJQR2tZHlKlDG7A/BIH7cRa2jWDKgWw==}
    engines: {node: '>=10'}
    requiresBuild: true
    dependencies:
      '@derhuerst/http-basic': 8.2.2
      env-paths: 2.2.1
      https-proxy-agent: 5.0.1
      progress: 2.0.3
    transitivePeerDependencies:
      - supports-color
    dev: false

  /follow-redirects/1.15.0_debug@4.3.4:
    resolution: {integrity: sha512-aExlJShTV4qOUOL7yF1U5tvLCB0xQuudbf6toyYA0E/acBNw71mvjFTnLaRp50aQaYocMR0a/RMMBIHeZnGyjQ==}
    engines: {node: '>=4.0'}
    peerDependencies:
      debug: '*'
    peerDependenciesMeta:
      debug:
        optional: true
    dependencies:
      debug: 4.3.4
    dev: false

  /form-data/3.0.1:
    resolution: {integrity: sha512-RHkBKtLWUVwd7SqRIvCZMEvAMoGUp0XU+seQiZejj0COz3RI3hWP4sCv3gZWWLjJTd7rGwcsF5eKZGii0r/hbg==}
    engines: {node: '>= 6'}
    dependencies:
      asynckit: 0.4.0
      combined-stream: 1.0.8
      mime-types: 2.1.35
    dev: false

  /form-data/4.0.0:
    resolution: {integrity: sha512-ETEklSGi5t0QMZuiXoA/Q6vcnxcLQP5vdugSpuAyi6SVGi2clPPp+xgEhuMaHC+zGgn31Kd235W35f7Hykkaww==}
    engines: {node: '>= 6'}
    dependencies:
      asynckit: 0.4.0
      combined-stream: 1.0.8
      mime-types: 2.1.35
    dev: false

  /http-response-object/3.0.2:
    resolution: {integrity: sha512-bqX0XTF6fnXSQcEJ2Iuyr75yVakyjIDCqroJQ/aHfSdlM743Cwqoi2nDYMzLGWUcuTWGWy8AAvOKXTfiv6q9RA==}
    dependencies:
      '@types/node': 10.17.60
    dev: false

  /https-proxy-agent/5.0.1:
    resolution: {integrity: sha512-dFcAjpTQFgoLMzC2VwU+C/CbS7uRL0lWmxDITmqm7C+7F0Odmj6s9l6alZc6AELXhrnggM2CeWSXHGOdX2YtwA==}
    engines: {node: '>= 6'}
    dependencies:
      agent-base: 6.0.2
      debug: 4.3.4
    transitivePeerDependencies:
      - supports-color
    dev: false

  /iconv-lite/0.6.3:
    resolution: {integrity: sha512-4fCk79wshMdzMp2rH06qWrJE4iolqLhCUH+OiuIgU++RB0+94NlDL81atO7GX55uUKueo0txHNtvEyI6D7WdMw==}
    engines: {node: '>=0.10.0'}
    dependencies:
      safer-buffer: 2.1.2
    dev: false

  /inherits/2.0.4:
    resolution: {integrity: sha512-k/vGaX4/Yla3WzyMCvTQOXYeIHvqOKtnqBduzTHpzpQZzAskKMhZ2K+EnBiSM9zGSoIFeMpXKxa4dYeZIQqewQ==}
    dev: false

  /isarray/1.0.0:
    resolution: {integrity: sha1-u5NdSFgsuhaMBoNJV6VKPgcSTxE=}
    dev: false

  /libsodium-wrappers/0.7.10:
    resolution: {integrity: sha512-pO3F1Q9NPLB/MWIhehim42b/Fwb30JNScCNh8TcQ/kIc+qGLQch8ag8wb0keK3EP5kbGakk1H8Wwo7v+36rNQg==}
    dependencies:
      libsodium: 0.7.10
    dev: false

  /libsodium/0.7.10:
    resolution: {integrity: sha512-eY+z7hDrDKxkAK+QKZVNv92A5KYkxfvIshtBJkmg5TSiCnYqZP3i9OO9whE79Pwgm4jGaoHgkM4ao/b9Cyu4zQ==}
    dev: false

  /lodash/4.17.21:
    resolution: {integrity: sha512-v2kDEe57lecTulaDIuNTPy3Ry4gLGJ6Z1O3vE1krgXZNrsQ+LFTGHVxVjcXPs17LhbZVGedAJv8XZ1tvj5FvSg==}
    dev: false

  /mariadb/3.0.0:
    resolution: {integrity: sha512-1uIqD6AWLP5ojMY67XP4+4uRLe9L92HD1ZGU8fidi8cGdYIC+Ghx1JliAtf7lc/tGjOh6J400f/1M4BXVtZFvA==}
    engines: {node: '>= 12'}
    dependencies:
      '@alloc/quick-lru': 5.2.0
      '@types/geojson': 7946.0.8
      '@types/node': 17.0.33
      denque: 2.0.1
      iconv-lite: 0.6.3
      moment-timezone: 0.5.34
      please-upgrade-node: 3.2.0
    dev: false

  /mime-db/1.52.0:
    resolution: {integrity: sha512-sPU4uV7dYlvtWJxwwxHD0PuihVNiE7TyAbQ5SWxDCB9mUYvOgroQOwYQQOKPJ8CIbE+1ETVlOoK1UC2nU3gYvg==}
    engines: {node: '>= 0.6'}
    dev: false

  /mime-types/2.1.35:
    resolution: {integrity: sha512-ZDY+bPm5zTTF+YpCrAU9nK0UgICYPT0QtT1NZWFv4s++TNkcgVaT0g6+4R2uI4MjQjzysHB1zxuWL50hzaeXiw==}
    engines: {node: '>= 0.6'}
    dependencies:
      mime-db: 1.52.0
    dev: false

  /moment-timezone/0.5.34:
    resolution: {integrity: sha512-3zAEHh2hKUs3EXLESx/wsgw6IQdusOT8Bxm3D9UrHPQR7zlMmzwybC8zHEM1tQ4LJwP7fcxrWr8tuBg05fFCbg==}
    dependencies:
      moment: 2.29.3
    dev: false

  /moment/2.29.3:
    resolution: {integrity: sha512-c6YRvhEo//6T2Jz/vVtYzqBzwvPT95JBQ+smCytzf7c50oMZRsR/a4w88aD34I+/QVSfnoAnSBFPJHItlOMJVw==}
    dev: false

  /ms/2.1.2:
    resolution: {integrity: sha512-sGkPx+VjMtmA6MX27oA4FBFELFCZZ4S4XqeGOXCv68tT+jb3vk/RyaKWP0PTKyWtmLSM0b+adUTEvbs1PEaH2w==}
    dev: false

  /node-emoji/1.11.0:
    resolution: {integrity: sha512-wo2DpQkQp7Sjm2A0cq+sN7EHKO6Sl0ctXeBdFZrL9T9+UywORbufTcTZxom8YqpLQt/FqNMUkOpkZrJVYSKD3A==}
    dependencies:
      lodash: 4.17.21
    dev: false

  /node-fetch/2.6.7:
    resolution: {integrity: sha512-ZjMPFEfVx5j+y2yF35Kzx5sF7kDzxuDj6ziH4FFbOp87zKDZNx8yExJIb05OGF4Nlt9IHFIMBkRl41VdvcNdbQ==}
    engines: {node: 4.x || >=6.0.0}
    peerDependencies:
      encoding: ^0.1.0
    peerDependenciesMeta:
      encoding:
        optional: true
    dependencies:
      whatwg-url: 5.0.0
    dev: false

  /parse-cache-control/1.0.1:
    resolution: {integrity: sha1-juqz5U+laSD+Fro493+iGqzC104=}
    dev: false

  /please-upgrade-node/3.2.0:
    resolution: {integrity: sha512-gQR3WpIgNIKwBMVLkpMUeR3e1/E1y42bqDQZfql+kDeXd8COYfM8PQA4X6y7a8u9Ua9FHmsrrmirW2vHs45hWg==}
    dependencies:
      semver-compare: 1.0.0
    dev: false

  /prettier/2.6.2:
    resolution: {integrity: sha512-PkUpF+qoXTqhOeWL9fu7As8LXsIUZ1WYaJiY/a7McAQzxjk82OF0tibkFXVCDImZtWxbvojFjerkiLb0/q8mew==}
    engines: {node: '>=10.13.0'}
    hasBin: true
    dev: true

  /prism-media/1.3.2_ffmpeg-static@4.4.1:
    resolution: {integrity: sha512-L6UsGHcT6i4wrQhFF1aPK+MNYgjRqR2tUoIqEY+CG1NqVkMjPRKzS37j9f8GiYPlD6wG9ruBj+q5Ax+bH8Ik1g==}
    peerDependencies:
      '@discordjs/opus': ^0.5.0
      ffmpeg-static: ^4.2.7 || ^3.0.0 || ^2.4.0
      node-opus: ^0.3.3
      opusscript: ^0.0.8
    peerDependenciesMeta:
      '@discordjs/opus':
        optional: true
      ffmpeg-static:
        optional: true
      node-opus:
        optional: true
      opusscript:
        optional: true
    dependencies:
      ffmpeg-static: 4.4.1
    dev: false

  /process-nextick-args/2.0.1:
    resolution: {integrity: sha512-3ouUOpQhtgrbOa17J7+uxOTpITYWaGP7/AhoR3+A+/1e9skrzelGi/dXzEYyvbxubEF6Wn2ypscTKiKJFFn1ag==}
    dev: false

  /progress/2.0.3:
    resolution: {integrity: sha512-7PiHtLll5LdnKIMw100I+8xJXR5gW2QwWYkT6iJva0bXitZKa/XMrSbdmg3r2Xnaidz9Qumd0VPaMrZlF9V9sA==}
    engines: {node: '>=0.4.0'}
    dev: false

  /readable-stream/2.3.7:
    resolution: {integrity: sha512-Ebho8K4jIbHAxnuxi7o42OrZgF/ZTNcsZj6nRKyUmkhLFq8CHItp/fy6hQZuZmP/n3yZ9VBUbp4zz/mX8hmYPw==}
    dependencies:
      core-util-is: 1.0.3
      inherits: 2.0.4
      isarray: 1.0.0
      process-nextick-args: 2.0.1
      safe-buffer: 5.1.2
      string_decoder: 1.1.1
      util-deprecate: 1.0.2
    dev: false

  /safe-buffer/5.1.2:
    resolution: {integrity: sha512-Gd2UZBJDkXlY7GbJxfsE8/nvKkUEU1G38c1siN6QP6a9PT9MmHB8GnpscSmMJSoF8LOIrt8ud/wPtojys4G6+g==}
    dev: false

  /safer-buffer/2.1.2:
    resolution: {integrity: sha512-YZo3K82SD7Riyi0E1EQPojLz7kpepnSQI9IyPbHHg1XXXevb5dJI7tpyN2ADxGcQbHG7vcyRHk0cbwqcQriUtg==}
    dev: false

  /semver-compare/1.0.0:
    resolution: {integrity: sha1-De4hahyUGrN+nvsXiPavxf9VN/w=}
    dev: false

  /string_decoder/1.1.1:
    resolution: {integrity: sha512-n/ShnvDi6FHbbVfviro+WojiFzv+s8MPMHBczVePfUpDJLwoLT0ht1l4YwBCbi8pJAveEEdnkHyPyTP/mzRfwg==}
    dependencies:
      safe-buffer: 5.1.2
    dev: false

  /tiny-typed-emitter/2.1.0:
    resolution: {integrity: sha512-qVtvMxeXbVej0cQWKqVSSAHmKZEHAvxdF8HEUBFWts8h+xEo5m/lEiPakuyZ3BnCBjOD8i24kzNOiOLLgsSxhA==}
    dev: false

  /tr46/0.0.3:
    resolution: {integrity: sha1-gYT9NH2snNwYWZLzpmIuFLnZq2o=}
    dev: false

  /ts-mixer/6.0.1:
    resolution: {integrity: sha512-hvE+ZYXuINrx6Ei6D6hz+PTim0Uf++dYbK9FFifLNwQj+RwKquhQpn868yZsCtJYiclZF1u8l6WZxxKi+vv7Rg==}
    dev: false

  /tslib/2.4.0:
    resolution: {integrity: sha512-d6xOpEDfsi2CZVlPQzGeux8XMwLT9hssAsaPYExaQMuYskwb+x1x7J371tWlbBdWHroy99KnVB6qIkUbs5X3UQ==}
    dev: false

  /twemoji-parser/14.0.0:
    resolution: {integrity: sha512-9DUOTGLOWs0pFWnh1p6NF+C3CkQ96PWmEFwhOVmT3WbecRC+68AIqpsnJXygfkFcp4aXbOp8Dwbhh/HQgvoRxA==}
    dev: false

  /typedarray/0.0.6:
    resolution: {integrity: sha1-hnrHTjhkGHsdPUfZlqeOxciDB3c=}
    dev: false

  /undici/5.4.0:
    resolution: {integrity: sha512-A1SRXysDg7J+mVP46jF+9cKANw0kptqSFZ8tGyL+HBiv0K1spjxPX8Z4EGu+Eu6pjClJUBdnUPlxrOafR668/g==}
    engines: {node: '>=12.18'}
    dev: false

  /util-deprecate/1.0.2:
    resolution: {integrity: sha1-RQ1Nyfpw3nMnYvvS1KKJgUGaDM8=}
    dev: false

  /webidl-conversions/3.0.1:
    resolution: {integrity: sha1-JFNCdeKnvGvnvIZhHMFq4KVlSHE=}
    dev: false

  /whatwg-url/5.0.0:
    resolution: {integrity: sha1-lmRU6HZUYuN2RNNib2dCzotwll0=}
    dependencies:
      tr46: 0.0.3
      webidl-conversions: 3.0.1
    dev: false

  /ws/8.6.0:
    resolution: {integrity: sha512-AzmM3aH3gk0aX7/rZLYvjdvZooofDu3fFOzGqcSnQ1tOcTWwhM/o+q++E8mAyVVIyUdajrkzWUGftaVSDLn1bw==}
    engines: {node: '>=10.0.0'}
    peerDependencies:
      bufferutil: ^4.0.1
      utf-8-validate: ^5.0.2
    peerDependenciesMeta:
      bufferutil:
        optional: true
      utf-8-validate:
        optional: true
    dev: false

  /ws/8.7.0:
    resolution: {integrity: sha512-c2gsP0PRwcLFzUiA8Mkr37/MI7ilIlHQxaEAtd0uNMbVMoy8puJyafRlm0bV9MbGSabUPeLrRRaqIBcFcA2Pqg==}
    engines: {node: '>=10.0.0'}
    peerDependencies:
      bufferutil: ^4.0.1
      utf-8-validate: ^5.0.2
    peerDependenciesMeta:
      bufferutil:
        optional: true
      utf-8-validate:
        optional: true
    dev: false
